
Microsoft Visual Studio Solution File, Format Version 12.00
# Visual Studio Version 17
VisualStudioVersion = 17.0.31903.59
MinimumVisualStudioVersion = 10.0.40219.1
Project("{2150E333-8FDC-42A3-9474-1A3956D46DE8}") = "src", "src", "{BB699DF8-FA7D-49C5-8B4D-D7558EC5F2D3}"
EndProject
Project("{FAE04EC0-301F-11D3-BF4B-00C04F79EFBC}") = "FitTrackPro.Domain", "src\FitTrackPro.Domain\FitTrackPro.Domain.csproj", "{025CB046-4A1A-457C-AF12-B17A44E2DD40}"
EndProject
Project("{FAE04EC0-301F-11D3-BF4B-00C04F79EFBC}") = "FitTrackPro.Application", "src\FitTrackPro.Application\FitTrackPro.Application.csproj", "{E05BD096-67DE-456A-B89C-BB09F0ADD558}"
EndProject
Project("{FAE04EC0-301F-11D3-BF4B-00C04F79EFBC}") = "FitTrackPro.Infrastructure", "src\FitTrackPro.Infrastructure\FitTrackPro.Infrastructure.csproj", "{47E00459-35E5-433C-8326-F75EAB32308D}"
EndProject
Project("{FAE04EC0-301F-11D3-BF4B-00C04F79EFBC}") = "FitTrackPro.API", "src\FitTrackPro.API\FitTrackPro.API.csproj", "{DA1CF070-9D3D-4179-A1A8-7BC7AFD954DE}"
EndProject
Project("{2150E333-8FDC-42A3-9474-1A3956D46DE8}") = "tests", "tests", "{342FECF3-1A0F-4835-92AD-7AB92614E01F}"
EndProject
Project("{FAE04EC0-301F-11D3-BF4B-00C04F79EFBC}") = "FitTrackPro.Application.Tests", "tests\FitTrackPro.Application.Tests\FitTrackPro.Application.Tests.csproj", "{63C8A119-D163-4AE3-843B-A8DE5D13BF89}"
EndProject
Project("{FAE04EC0-301F-11D3-BF4B-00C04F79EFBC}") = "FitTrackPro.API.IntegrationTests", "tests\FitTrackPro.API.IntegrationTests\FitTrackPro.API.IntegrationTests.csproj", "{7D48BD39-EF87-41EF-883B-7DCB027A399D}"
EndProject
Project("{FAE04EC0-301F-11D3-BF4B-00C04F79EFBC}") = "FitTrackPro.Domain.Tests", "tests\FitTrackPro.Domain.Tests\FitTrackPro.Domain.Tests.csproj", "{4C6212CD-F1BB-4208-B604-EB9115BB49D3}"
EndProject
Project("{FAE04EC0-301F-11D3-BF4B-00C04F79EFBC}") = "FitTrackPro.Infrastructure.Tests", "tests\FitTrackPro.Infrastructure.Tests\FitTrackPro.Infrastructure.Tests.csproj", "{278E1C15-29AD-46F9-A09E-F6F3766A4046}"
EndProject
Global
	GlobalSection(SolutionConfigurationPlatforms) = preSolution
		Debug|Any CPU = Debug|Any CPU
		Release|Any CPU = Release|Any CPU
	EndGlobalSection
	GlobalSection(SolutionProperties) = preSolution
		HideSolutionNode = FALSE
	EndGlobalSection
	GlobalSection(ProjectConfigurationPlatforms) = postSolution
		{025CB046-4A1A-457C-AF12-B17A44E2DD40}.Debug|Any CPU.ActiveCfg = Debug|Any CPU
		{025CB046-4A1A-457C-AF12-B17A44E2DD40}.Debug|Any CPU.Build.0 = Debug|Any CPU
		{025CB046-4A1A-457C-AF12-B17A44E2DD40}.Release|Any CPU.ActiveCfg = Release|Any CPU
		{025CB046-4A1A-457C-AF12-B17A44E2DD40}.Release|Any CPU.Build.0 = Release|Any CPU
		{E05BD096-67DE-456A-B89C-BB09F0ADD558}.Debug|Any CPU.ActiveCfg = Debug|Any CPU
		{E05BD096-67DE-456A-B89C-BB09F0ADD558}.Debug|Any CPU.Build.0 = Debug|Any CPU
		{E05BD096-67DE-456A-B89C-BB09F0ADD558}.Release|Any CPU.ActiveCfg = Release|Any CPU
		{E05BD096-67DE-456A-B89C-BB09F0ADD558}.Release|Any CPU.Build.0 = Release|Any CPU
		{47E00459-35E5-433C-8326-F75EAB32308D}.Debug|Any CPU.ActiveCfg = Debug|Any CPU
		{47E00459-35E5-433C-8326-F75EAB32308D}.Debug|Any CPU.Build.0 = Debug|Any CPU
		{47E00459-35E5-433C-8326-F75EAB32308D}.Release|Any CPU.ActiveCfg = Release|Any CPU
		{47E00459-35E5-433C-8326-F75EAB32308D}.Release|Any CPU.Build.0 = Release|Any CPU
		{DA1CF070-9D3D-4179-A1A8-7BC7AFD954DE}.Debug|Any CPU.ActiveCfg = Debug|Any CPU
		{DA1CF070-9D3D-4179-A1A8-7BC7AFD954DE}.Debug|Any CPU.Build.0 = Debug|Any CPU
		{DA1CF070-9D3D-4179-A1A8-7BC7AFD954DE}.Release|Any CPU.ActiveCfg = Release|Any CPU
		{DA1CF070-9D3D-4179-A1A8-7BC7AFD954DE}.Release|Any CPU.Build.0 = Release|Any CPU
		{63C8A119-D163-4AE3-843B-A8DE5D13BF89}.Debug|Any CPU.ActiveCfg = Debug|Any CPU
		{63C8A119-D163-4AE3-843B-A8DE5D13BF89}.Debug|Any CPU.Build.0 = Debug|Any CPU
		{63C8A119-D163-4AE3-843B-A8DE5D13BF89}.Release|Any CPU.ActiveCfg = Release|Any CPU
		{63C8A119-D163-4AE3-843B-A8DE5D13BF89}.Release|Any CPU.Build.0 = Release|Any CPU
		{7D48BD39-EF87-41EF-883B-7DCB027A399D}.Debug|Any CPU.ActiveCfg = Debug|Any CPU
		{7D48BD39-EF87-41EF-883B-7DCB027A399D}.Debug|Any CPU.Build.0 = Debug|Any CPU
		{7D48BD39-EF87-41EF-883B-7DCB027A399D}.Release|Any CPU.ActiveCfg = Release|Any CPU
		{7D48BD39-EF87-41EF-883B-7DCB027A399D}.Release|Any CPU.Build.0 = Release|Any CPU
		{4C6212CD-F1BB-4208-B604-EB9115BB49D3}.Debug|Any CPU.ActiveCfg = Debug|Any CPU
		{4C6212CD-F1BB-4208-B604-EB9115BB49D3}.Debug|Any CPU.Build.0 = Debug|Any CPU
		{4C6212CD-F1BB-4208-B604-EB9115BB49D3}.Release|Any CPU.ActiveCfg = Release|Any CPU
		{4C6212CD-F1BB-4208-B604-EB9115BB49D3}.Release|Any CPU.Build.0 = Release|Any CPU
		{278E1C15-29AD-46F9-A09E-F6F3766A4046}.Debug|Any CPU.ActiveCfg = Debug|Any CPU
		{278E1C15-29AD-46F9-A09E-F6F3766A4046}.Debug|Any CPU.Build.0 = Debug|Any CPU
		{278E1C15-29AD-46F9-A09E-F6F3766A4046}.Release|Any CPU.ActiveCfg = Release|Any CPU
		{278E1C15-29AD-46F9-A09E-F6F3766A4046}.Release|Any CPU.Build.0 = Release|Any CPU
	EndGlobalSection
	GlobalSection(NestedProjects) = preSolution
		{025CB046-4A1A-457C-AF12-B17A44E2DD40} = {BB699DF8-FA7D-49C5-8B4D-D7558EC5F2D3}
		{E05BD096-67DE-456A-B89C-BB09F0ADD558} = {BB699DF8-FA7D-49C5-8B4D-D7558EC5F2D3}
		{47E00459-35E5-433C-8326-F75EAB32308D} = {BB699DF8-FA7D-49C5-8B4D-D7558EC5F2D3}
		{DA1CF070-9D3D-4179-A1A8-7BC7AFD954DE} = {BB699DF8-FA7D-49C5-8B4D-D7558EC5F2D3}
		{63C8A119-D163-4AE3-843B-A8DE5D13BF89} = {342FECF3-1A0F-4835-92AD-7AB92614E01F}
		{7D48BD39-EF87-41EF-883B-7DCB027A399D} = {342FECF3-1A0F-4835-92AD-7AB92614E01F}
		{4C6212CD-F1BB-4208-B604-EB9115BB49D3} = {342FECF3-1A0F-4835-92AD-7AB92614E01F}
		{278E1C15-29AD-46F9-A09E-F6F3766A4046} = {342FECF3-1A0F-4835-92AD-7AB92614E01F}
	EndGlobalSection
EndGlobal
